
Microsoft Visual Studio Solution File, Format Version 12.00
# Visual Studio Version 17
VisualStudioVersion = 17.9.34728.123
MinimumVisualStudioVersion = 10.0.40219.1
Project("{9A19103F-16F7-4668-BE54-9A1E7A4F7556}") = "E2E", "E2E.csproj", "{92CD1BBF-5747-44F4-A5EA-0F2AB12EDF7C}"
EndProject
Project("{FAE04EC0-301F-11D3-BF4B-00C04F79EFBC}") = "Test", "..\Test\Test.csproj", "{4C431D71-8339-4D87-A3AA-6A4777CF866A}"
EndProject
Global
	GlobalSection(SolutionConfigurationPlatforms) = preSolution
		Debug|Any CPU = Debug|Any CPU
		Release|Any CPU = Release|Any CPU
	EndGlobalSection
	GlobalSection(ProjectConfigurationPlatforms) = postSolution
		{92CD1BBF-5747-44F4-A5EA-0F2AB12EDF7C}.Debug|Any CPU.ActiveCfg = Debug|Any CPU
		{92CD1BBF-5747-44F4-A5EA-0F2AB12EDF7C}.Debug|Any CPU.Build.0 = Debug|Any CPU
		{92CD1BBF-5747-44F4-A5EA-0F2AB12EDF7C}.Release|Any CPU.ActiveCfg = Release|Any CPU
		{92CD1BBF-5747-44F4-A5EA-0F2AB12EDF7C}.Release|Any CPU.Build.0 = Release|Any CPU
		{4C431D71-8339-4D87-A3AA-6A4777CF866A}.Debug|Any CPU.ActiveCfg = Debug|Any CPU
		{4C431D71-8339-4D87-A3AA-6A4777CF866A}.Debug|Any CPU.Build.0 = Debug|Any CPU
		{4C431D71-8339-4D87-A3AA-6A4777CF866A}.Release|Any CPU.ActiveCfg = Release|Any CPU
		{4C431D71-8339-4D87-A3AA-6A4777CF866A}.Release|Any CPU.Build.0 = Release|Any CPU
	EndGlobalSection
	GlobalSection(SolutionProperties) = preSolution
		HideSolutionNode = FALSE
	EndGlobalSection
	GlobalSection(ExtensibilityGlobals) = postSolution
		SolutionGuid = {AC80304D-1D77-498F-810E-387504F74E8F}
	EndGlobalSection
EndGlobal
