
Microsoft Visual Studio Solution File, Format Version 12.00
# Visual Studio Version 17
VisualStudioVersion = 17.9.34728.123
MinimumVisualStudioVersion = 10.0.40219.1
Project("{FAE04EC0-301F-11D3-BF4B-00C04F79EFBC}") = "Main", "Main.csproj", "{5059F966-A2E0-4BC0-831D-7E1219C4F5BF}"
EndProject
Project("{FAE04EC0-301F-11D3-BF4B-00C04F79EFBC}") = "Tests", "..\Tests\Tests.csproj", "{9B8B58E3-F047-4535-AB48-268AB4B566E4}"
EndProject
Global
	GlobalSection(SolutionConfigurationPlatforms) = preSolution
		Debug|Any CPU = Debug|Any CPU
		Release|Any CPU = Release|Any CPU
	EndGlobalSection
	GlobalSection(ProjectConfigurationPlatforms) = postSolution
		{5059F966-A2E0-4BC0-831D-7E1219C4F5BF}.Debug|Any CPU.ActiveCfg = Debug|Any CPU
		{5059F966-A2E0-4BC0-831D-7E1219C4F5BF}.Debug|Any CPU.Build.0 = Debug|Any CPU
		{5059F966-A2E0-4BC0-831D-7E1219C4F5BF}.Release|Any CPU.ActiveCfg = Release|Any CPU
		{5059F966-A2E0-4BC0-831D-7E1219C4F5BF}.Release|Any CPU.Build.0 = Release|Any CPU
		{9B8B58E3-F047-4535-AB48-268AB4B566E4}.Debug|Any CPU.ActiveCfg = Debug|Any CPU
		{9B8B58E3-F047-4535-AB48-268AB4B566E4}.Debug|Any CPU.Build.0 = Debug|Any CPU
		{9B8B58E3-F047-4535-AB48-268AB4B566E4}.Release|Any CPU.ActiveCfg = Release|Any CPU
		{9B8B58E3-F047-4535-AB48-268AB4B566E4}.Release|Any CPU.Build.0 = Release|Any CPU
	EndGlobalSection
	GlobalSection(SolutionProperties) = preSolution
		HideSolutionNode = FALSE
	EndGlobalSection
	GlobalSection(ExtensibilityGlobals) = postSolution
		SolutionGuid = {A212DA37-B494-407B-BF73-E91398466E63}
	EndGlobalSection
EndGlobal
